
Microsoft Visual Studio Solution File, Format Version 12.00
# Visual Studio Version 17
VisualStudioVersion = 17.7.34009.444
MinimumVisualStudioVersion = 10.0.40219.1
Project("{FAE04EC0-301F-11D3-BF4B-00C04F79EFBC}") = "Sample", "Sample.csproj", "{DDE63D91-5441-430C-AA00-40CE45B60E53}"
EndProject
Global
	GlobalSection(SolutionConfigurationPlatforms) = preSolution
		Debug|Any CPU = Debug|Any CPU
		Release|Any CPU = Release|Any CPU
	EndGlobalSection
	GlobalSection(ProjectConfigurationPlatforms) = postSolution
		{DDE63D91-5441-430C-AA00-40CE45B60E53}.Debug|Any CPU.ActiveCfg = Debug|Any CPU
		{DDE63D91-5441-430C-AA00-40CE45B60E53}.Debug|Any CPU.Build.0 = Debug|Any CPU
		{DDE63D91-5441-430C-AA00-40CE45B60E53}.Release|Any CPU.ActiveCfg = Release|Any CPU
		{DDE63D91-5441-430C-AA00-40CE45B60E53}.Release|Any CPU.Build.0 = Release|Any CPU
	EndGlobalSection
	GlobalSection(SolutionProperties) = preSolution
		HideSolutionNode = FALSE
	EndGlobalSection
	GlobalSection(ExtensibilityGlobals) = postSolution
		SolutionGuid = {1617F73A-D875-4333-BE6D-FBE8FD5AB96C}
	EndGlobalSection
EndGlobal
